
Microsoft Visual Studio Solution File, Format Version 12.00
# Visual Studio Version 17
VisualStudioVersion = 17.14.36518.9 d17.14
MinimumVisualStudioVersion = 10.0.40219.1
Project("{8BC9CEB8-8B4A-11D0-8D11-00A0C91BC942}") = "SaveManager", "SaveManager\SaveManager.vcxproj", "{1249A458-C133-41EE-B973-B50A6E9EE7BB}"
EndProject
Global
	GlobalSection(SolutionConfigurationPlatforms) = preSolution
		Debug|x64 = Debug|x64
		Debug|x86 = Debug|x86
		Release|x64 = Release|x64
		Release|x86 = Release|x86
	EndGlobalSection
	GlobalSection(ProjectConfigurationPlatforms) = postSolution
		{1249A458-C133-41EE-B973-B50A6E9EE7BB}.Debug|x64.ActiveCfg = Debug|x64
		{1249A458-C133-41EE-B973-B50A6E9EE7BB}.Debug|x64.Build.0 = Debug|x64
		{1249A458-C133-41EE-B973-B50A6E9EE7BB}.Debug|x86.ActiveCfg = Debug|Win32
		{1249A458-C133-41EE-B973-B50A6E9EE7BB}.Debug|x86.Build.0 = Debug|Win32
		{1249A458-C133-41EE-B973-B50A6E9EE7BB}.Release|x64.ActiveCfg = Release|x64
		{1249A458-C133-41EE-B973-B50A6E9EE7BB}.Release|x64.Build.0 = Release|x64
		{1249A458-C133-41EE-B973-B50A6E9EE7BB}.Release|x86.ActiveCfg = Release|Win32
		{1249A458-C133-41EE-B973-B50A6E9EE7BB}.Release|x86.Build.0 = Release|Win32
	EndGlobalSection
	GlobalSection(SolutionProperties) = preSolution
		HideSolutionNode = FALSE
	EndGlobalSection
	GlobalSection(ExtensibilityGlobals) = postSolution
		SolutionGuid = {961D8C1B-8580-4E45-9172-361CF36051D9}
	EndGlobalSection
EndGlobal
